// !$*UTF8*$!
{
	archiveVersion = 1;
	classes = {
	};
	objectVersion = 46;
	objects = {

/* Begin PBXBuildFile section */
		0091D8F90E81B9330029341E /* OpenGL.framework in Frameworks */ = {isa = PBXBuildFile; fileRef = 0091D8F80E81B9330029341E /* OpenGL.framework */; };
		00B784B30FF439BC000DE1D7 /* Accelerate.framework in Frameworks */ = {isa = PBXBuildFile; fileRef = 00B784AF0FF439BC000DE1D7 /* Accelerate.framework */; };
		00B784B40FF439BC000DE1D7 /* AudioToolbox.framework in Frameworks */ = {isa = PBXBuildFile; fileRef = 00B784B00FF439BC000DE1D7 /* AudioToolbox.framework */; };
		00B784B50FF439BC000DE1D7 /* AudioUnit.framework in Frameworks */ = {isa = PBXBuildFile; fileRef = 00B784B10FF439BC000DE1D7 /* AudioUnit.framework */; };
		00B784B60FF439BC000DE1D7 /* CoreAudio.framework in Frameworks */ = {isa = PBXBuildFile; fileRef = 00B784B20FF439BC000DE1D7 /* CoreAudio.framework */; };
		3165786E68DF4AD8B951BAAE /* SpeedyEyeApp.cpp in Sources */ = {isa = PBXBuildFile; fileRef = BEF4A021A75E4235990397FB /* SpeedyEyeApp.cpp */; };
		5323E6B20EAFCA74003A9687 /* CoreVideo.framework in Frameworks */ = {isa = PBXBuildFile; fileRef = 5323E6B10EAFCA74003A9687 /* CoreVideo.framework */; };
		5323E6B60EAFCA7E003A9687 /* QTKit.framework in Frameworks */ = {isa = PBXBuildFile; fileRef = 5323E6B50EAFCA7E003A9687 /* QTKit.framework */; };
		7229A4A3E74A41999DCE785F /* CinderApp.icns in Resources */ = {isa = PBXBuildFile; fileRef = 77AA18EBC4B445CBA81DB3E7 /* CinderApp.icns */; };
		7559C09F1A97C2450052AA64 /* libusb.a in Frameworks */ = {isa = PBXBuildFile; fileRef = 7559C09E1A97C2450052AA64 /* libusb.a */; };
		7559C0A21A97C25D0052AA64 /* ps3eye.cpp in Sources */ = {isa = PBXBuildFile; fileRef = 7559C0A01A97C25D0052AA64 /* ps3eye.cpp */; };
		75B9645A1A97C46900B3A3EB /* IOKit.framework in Frameworks */ = {isa = PBXBuildFile; fileRef = 75B964591A97C46900B3A3EB /* IOKit.framework */; };
		75FE6AD11A97F16E00903951 /* TrackingBuffer.cpp in Sources */ = {isa = PBXBuildFile; fileRef = 75FE6ACF1A97F16E00903951 /* TrackingBuffer.cpp */; };
		75FE6AD41A98039100903951 /* TrackingView.cpp in Sources */ = {isa = PBXBuildFile; fileRef = 75FE6AD21A98039100903951 /* TrackingView.cpp */; };
		8D11072F0486CEB800E47090 /* Cocoa.framework in Frameworks */ = {isa = PBXBuildFile; fileRef = 1058C7A1FEA54F0111CA2CBB /* Cocoa.framework */; };
/* End PBXBuildFile section */

/* Begin PBXFileReference section */
		0091D8F80E81B9330029341E /* OpenGL.framework */ = {isa = PBXFileReference; lastKnownFileType = wrapper.framework; name = OpenGL.framework; path = /System/Library/Frameworks/OpenGL.framework; sourceTree = "<absolute>"; };
		00B784AF0FF439BC000DE1D7 /* Accelerate.framework */ = {isa = PBXFileReference; lastKnownFileType = wrapper.framework; name = Accelerate.framework; path = System/Library/Frameworks/Accelerate.framework; sourceTree = SDKROOT; };
		00B784B00FF439BC000DE1D7 /* AudioToolbox.framework */ = {isa = PBXFileReference; lastKnownFileType = wrapper.framework; name = AudioToolbox.framework; path = System/Library/Frameworks/AudioToolbox.framework; sourceTree = SDKROOT; };
		00B784B10FF439BC000DE1D7 /* AudioUnit.framework */ = {isa = PBXFileReference; lastKnownFileType = wrapper.framework; name = AudioUnit.framework; path = System/Library/Frameworks/AudioUnit.framework; sourceTree = SDKROOT; };
		00B784B20FF439BC000DE1D7 /* CoreAudio.framework */ = {isa = PBXFileReference; lastKnownFileType = wrapper.framework; name = CoreAudio.framework; path = System/Library/Frameworks/CoreAudio.framework; sourceTree = SDKROOT; };
		1058C7A1FEA54F0111CA2CBB /* Cocoa.framework */ = {isa = PBXFileReference; lastKnownFileType = wrapper.framework; name = Cocoa.framework; path = /System/Library/Frameworks/Cocoa.framework; sourceTree = "<absolute>"; };
		1D5FF8B73B3340159F2FE302 /* CinderOpenCV.h */ = {isa = PBXFileReference; lastKnownFileType = sourcecode.c.h; name = CinderOpenCV.h; path = ../../../cinder_0.8.6_mac/blocks/OpenCV/include/CinderOpenCV.h; sourceTree = "<group>"; };
		29B97324FDCFA39411CA2CEA /* AppKit.framework */ = {isa = PBXFileReference; lastKnownFileType = wrapper.framework; name = AppKit.framework; path = /System/Library/Frameworks/AppKit.framework; sourceTree = "<absolute>"; };
		29B97325FDCFA39411CA2CEA /* Foundation.framework */ = {isa = PBXFileReference; lastKnownFileType = wrapper.framework; name = Foundation.framework; path = /System/Library/Frameworks/Foundation.framework; sourceTree = "<absolute>"; };
		35615C56F759431B87989053 /* SpeedyEye_Prefix.pch */ = {isa = PBXFileReference; lastKnownFileType = "\"\""; path = SpeedyEye_Prefix.pch; sourceTree = "<group>"; };
		5323E6B10EAFCA74003A9687 /* CoreVideo.framework */ = {isa = PBXFileReference; lastKnownFileType = wrapper.framework; name = CoreVideo.framework; path = /System/Library/Frameworks/CoreVideo.framework; sourceTree = "<absolute>"; };
		5323E6B50EAFCA7E003A9687 /* QTKit.framework */ = {isa = PBXFileReference; lastKnownFileType = wrapper.framework; name = QTKit.framework; path = /System/Library/Frameworks/QTKit.framework; sourceTree = "<absolute>"; };
		7559C09E1A97C2450052AA64 /* libusb.a */ = {isa = PBXFileReference; lastKnownFileType = archive.ar; name = libusb.a; path = ../libusb/osx/libusb.a; sourceTree = "<group>"; };
		7559C0A01A97C25D0052AA64 /* ps3eye.cpp */ = {isa = PBXFileReference; fileEncoding = 4; lastKnownFileType = sourcecode.cpp.cpp; name = ps3eye.cpp; path = ../src/ps3eye.cpp; sourceTree = "<group>"; };
		7559C0A11A97C25D0052AA64 /* ps3eye.h */ = {isa = PBXFileReference; fileEncoding = 4; lastKnownFileType = sourcecode.c.h; name = ps3eye.h; path = ../src/ps3eye.h; sourceTree = "<group>"; };
		75B964591A97C46900B3A3EB /* IOKit.framework */ = {isa = PBXFileReference; lastKnownFileType = wrapper.framework; name = IOKit.framework; path = System/Library/Frameworks/IOKit.framework; sourceTree = SDKROOT; };
		75B9645B1A97C73800B3A3EB /* yuv422.h */ = {isa = PBXFileReference; fileEncoding = 4; lastKnownFileType = sourcecode.c.h; name = yuv422.h; path = ../src/yuv422.h; sourceTree = "<group>"; };
		75FE6ACF1A97F16E00903951 /* TrackingBuffer.cpp */ = {isa = PBXFileReference; fileEncoding = 4; lastKnownFileType = sourcecode.cpp.cpp; name = TrackingBuffer.cpp; path = ../src/TrackingBuffer.cpp; sourceTree = "<group>"; };
		75FE6AD01A97F16E00903951 /* TrackingBuffer.h */ = {isa = PBXFileReference; fileEncoding = 4; lastKnownFileType = sourcecode.c.h; name = TrackingBuffer.h; path = ../src/TrackingBuffer.h; sourceTree = "<group>"; };
		75FE6AD21A98039100903951 /* TrackingView.cpp */ = {isa = PBXFileReference; fileEncoding = 4; lastKnownFileType = sourcecode.cpp.cpp; name = TrackingView.cpp; path = ../src/TrackingView.cpp; sourceTree = "<group>"; };
		75FE6AD31A98039100903951 /* TrackingView.h */ = {isa = PBXFileReference; fileEncoding = 4; lastKnownFileType = sourcecode.c.h; name = TrackingView.h; path = ../src/TrackingView.h; sourceTree = "<group>"; };
		77AA18EBC4B445CBA81DB3E7 /* CinderApp.icns */ = {isa = PBXFileReference; lastKnownFileType = image.icns; name = CinderApp.icns; path = ../resources/CinderApp.icns; sourceTree = "<group>"; };
		884E2446F6064146A9360DEA /* Info.plist */ = {isa = PBXFileReference; lastKnownFileType = text.plist.xml; path = Info.plist; sourceTree = "<group>"; };
		8D1107320486CEB800E47090 /* SpeedyEye.app */ = {isa = PBXFileReference; explicitFileType = wrapper.application; includeInIndex = 0; path = SpeedyEye.app; sourceTree = BUILT_PRODUCTS_DIR; };
		A4B69527DE42487993078D4E /* Resources.h */ = {isa = PBXFileReference; lastKnownFileType = sourcecode.c.h; name = Resources.h; path = ../include/Resources.h; sourceTree = "<group>"; };
		BEF4A021A75E4235990397FB /* SpeedyEyeApp.cpp */ = {isa = PBXFileReference; lastKnownFileType = sourcecode.c.cpp; name = SpeedyEyeApp.cpp; path = ../src/SpeedyEyeApp.cpp; sourceTree = "<group>"; };
/* End PBXFileReference section */

/* Begin PBXFrameworksBuildPhase section */
		8D11072E0486CEB800E47090 /* Frameworks */ = {
			isa = PBXFrameworksBuildPhase;
			buildActionMask = 2147483647;
			files = (
				8D11072F0486CEB800E47090 /* Cocoa.framework in Frameworks */,
				0091D8F90E81B9330029341E /* OpenGL.framework in Frameworks */,
				5323E6B20EAFCA74003A9687 /* CoreVideo.framework in Frameworks */,
				75B9645A1A97C46900B3A3EB /* IOKit.framework in Frameworks */,
				7559C09F1A97C2450052AA64 /* libusb.a in Frameworks */,
				5323E6B60EAFCA7E003A9687 /* QTKit.framework in Frameworks */,
				00B784B30FF439BC000DE1D7 /* Accelerate.framework in Frameworks */,
				00B784B40FF439BC000DE1D7 /* AudioToolbox.framework in Frameworks */,
				00B784B50FF439BC000DE1D7 /* AudioUnit.framework in Frameworks */,
				00B784B60FF439BC000DE1D7 /* CoreAudio.framework in Frameworks */,
			);
			runOnlyForDeploymentPostprocessing = 0;
		};
/* End PBXFrameworksBuildPhase section */

/* Begin PBXGroup section */
		01B97315FEAEA392516A2CEA /* Blocks */ = {
			isa = PBXGroup;
			children = (
				C1C38E885A5943AD8487AAE2 /* OpenCV */,
			);
			name = Blocks;
			sourceTree = "<group>";
		};
		080E96DDFE201D6D7F000001 /* Source */ = {
			isa = PBXGroup;
			children = (
				7559C0A01A97C25D0052AA64 /* ps3eye.cpp */,
				BEF4A021A75E4235990397FB /* SpeedyEyeApp.cpp */,
				75FE6ACF1A97F16E00903951 /* TrackingBuffer.cpp */,
				75FE6AD21A98039100903951 /* TrackingView.cpp */,
			);
			name = Source;
			sourceTree = "<group>";
		};
		1058C7A0FEA54F0111CA2CBB /* Linked Frameworks */ = {
			isa = PBXGroup;
			children = (
				7559C09E1A97C2450052AA64 /* libusb.a */,
				75B964591A97C46900B3A3EB /* IOKit.framework */,
				00B784AF0FF439BC000DE1D7 /* Accelerate.framework */,
				00B784B00FF439BC000DE1D7 /* AudioToolbox.framework */,
				00B784B10FF439BC000DE1D7 /* AudioUnit.framework */,
				00B784B20FF439BC000DE1D7 /* CoreAudio.framework */,
				5323E6B50EAFCA7E003A9687 /* QTKit.framework */,
				5323E6B10EAFCA74003A9687 /* CoreVideo.framework */,
				0091D8F80E81B9330029341E /* OpenGL.framework */,
				1058C7A1FEA54F0111CA2CBB /* Cocoa.framework */,
			);
			name = "Linked Frameworks";
			sourceTree = "<group>";
		};
		1058C7A2FEA54F0111CA2CBB /* Other Frameworks */ = {
			isa = PBXGroup;
			children = (
				29B97324FDCFA39411CA2CEA /* AppKit.framework */,
				29B97325FDCFA39411CA2CEA /* Foundation.framework */,
			);
			name = "Other Frameworks";
			sourceTree = "<group>";
		};
		19C28FACFE9D520D11CA2CBB /* Products */ = {
			isa = PBXGroup;
			children = (
				8D1107320486CEB800E47090 /* SpeedyEye.app */,
			);
			name = Products;
			sourceTree = "<group>";
		};
		29B97314FDCFA39411CA2CEA /* SpeedyEye */ = {
			isa = PBXGroup;
			children = (
				01B97315FEAEA392516A2CEA /* Blocks */,
				29B97315FDCFA39411CA2CEA /* Headers */,
				080E96DDFE201D6D7F000001 /* Source */,
				29B97317FDCFA39411CA2CEA /* Resources */,
				29B97323FDCFA39411CA2CEA /* Frameworks */,
				19C28FACFE9D520D11CA2CBB /* Products */,
			);
			name = SpeedyEye;
			sourceTree = "<group>";
		};
		29B97315FDCFA39411CA2CEA /* Headers */ = {
			isa = PBXGroup;
			children = (
				A4B69527DE42487993078D4E /* Resources.h */,
				75FE6AD01A97F16E00903951 /* TrackingBuffer.h */,
				75FE6AD31A98039100903951 /* TrackingView.h */,
				75B9645B1A97C73800B3A3EB /* yuv422.h */,
				7559C0A11A97C25D0052AA64 /* ps3eye.h */,
				35615C56F759431B87989053 /* SpeedyEye_Prefix.pch */,
			);
			name = Headers;
			sourceTree = "<group>";
		};
		29B97317FDCFA39411CA2CEA /* Resources */ = {
			isa = PBXGroup;
			children = (
				77AA18EBC4B445CBA81DB3E7 /* CinderApp.icns */,
				884E2446F6064146A9360DEA /* Info.plist */,
			);
			name = Resources;
			sourceTree = "<group>";
		};
		29B97323FDCFA39411CA2CEA /* Frameworks */ = {
			isa = PBXGroup;
			children = (
				1058C7A0FEA54F0111CA2CBB /* Linked Frameworks */,
				1058C7A2FEA54F0111CA2CBB /* Other Frameworks */,
			);
			name = Frameworks;
			sourceTree = "<group>";
		};
		BF5F66621DEA4466AC6B5DC2 /* include */ = {
			isa = PBXGroup;
			children = (
				1D5FF8B73B3340159F2FE302 /* CinderOpenCV.h */,
			);
			name = include;
			sourceTree = "<group>";
		};
		C1C38E885A5943AD8487AAE2 /* OpenCV */ = {
			isa = PBXGroup;
			children = (
				BF5F66621DEA4466AC6B5DC2 /* include */,
			);
			name = OpenCV;
			sourceTree = "<group>";
		};
/* End PBXGroup section */

/* Begin PBXNativeTarget section */
		8D1107260486CEB800E47090 /* SpeedyEye */ = {
			isa = PBXNativeTarget;
			buildConfigurationList = C01FCF4A08A954540054247B /* Build configuration list for PBXNativeTarget "SpeedyEye" */;
			buildPhases = (
				8D1107290486CEB800E47090 /* Resources */,
				8D11072C0486CEB800E47090 /* Sources */,
				8D11072E0486CEB800E47090 /* Frameworks */,
			);
			buildRules = (
			);
			dependencies = (
			);
			name = SpeedyEye;
			productInstallPath = "$(HOME)/Applications";
			productName = SpeedyEye;
			productReference = 8D1107320486CEB800E47090 /* SpeedyEye.app */;
			productType = "com.apple.product-type.application";
		};
/* End PBXNativeTarget section */

/* Begin PBXProject section */
		29B97313FDCFA39411CA2CEA /* Project object */ = {
			isa = PBXProject;
			attributes = {
				LastUpgradeCheck = 0610;
			};
			buildConfigurationList = C01FCF4E08A954540054247B /* Build configuration list for PBXProject "SpeedyEye" */;
			compatibilityVersion = "Xcode 3.2";
			developmentRegion = English;
			hasScannedForEncodings = 1;
			knownRegions = (
				English,
				Japanese,
				French,
				German,
			);
			mainGroup = 29B97314FDCFA39411CA2CEA /* SpeedyEye */;
			projectDirPath = "";
			projectRoot = "";
			targets = (
				8D1107260486CEB800E47090 /* SpeedyEye */,
			);
		};
/* End PBXProject section */

/* Begin PBXResourcesBuildPhase section */
		8D1107290486CEB800E47090 /* Resources */ = {
			isa = PBXResourcesBuildPhase;
			buildActionMask = 2147483647;
			files = (
				7229A4A3E74A41999DCE785F /* CinderApp.icns in Resources */,
			);
			runOnlyForDeploymentPostprocessing = 0;
		};
/* End PBXResourcesBuildPhase section */

/* Begin PBXSourcesBuildPhase section */
		8D11072C0486CEB800E47090 /* Sources */ = {
			isa = PBXSourcesBuildPhase;
			buildActionMask = 2147483647;
			files = (
				75FE6AD11A97F16E00903951 /* TrackingBuffer.cpp in Sources */,
				7559C0A21A97C25D0052AA64 /* ps3eye.cpp in Sources */,
				3165786E68DF4AD8B951BAAE /* SpeedyEyeApp.cpp in Sources */,
				75FE6AD41A98039100903951 /* TrackingView.cpp in Sources */,
			);
			runOnlyForDeploymentPostprocessing = 0;
		};
/* End PBXSourcesBuildPhase section */

/* Begin XCBuildConfiguration section */
		C01FCF4B08A954540054247B /* Debug */ = {
			isa = XCBuildConfiguration;
			buildSettings = {
				COMBINE_HIDPI_IMAGES = YES;
				COPY_PHASE_STRIP = NO;
				DEAD_CODE_STRIPPING = YES;
				GCC_DYNAMIC_NO_PIC = NO;
				GCC_INLINES_ARE_PRIVATE_EXTERN = YES;
				GCC_OPTIMIZATION_LEVEL = 0;
				GCC_PRECOMPILE_PREFIX_HEADER = YES;
				GCC_PREFIX_HEADER = SpeedyEye_Prefix.pch;
				GCC_PREPROCESSOR_DEFINITIONS = (
					"DEBUG=1",
					"$(inherited)",
				);
				GCC_SYMBOLS_PRIVATE_EXTERN = NO;
				INFOPLIST_FILE = Info.plist;
				INSTALL_PATH = "$(HOME)/Applications";
				LIBRARY_SEARCH_PATHS = (
					"$(inherited)",
					/Users/micah/src/speedyeye/libusb/osx,
					/Users/micah/src/cinder_0.8.6_mac/blocks/OpenCV/lib/macosx,
				);
				OTHER_LDFLAGS = (
					"\"$(CINDER_PATH)/lib/libcinder_d.a\"",
					"\"$(CINDER_PATH)/blocks/OpenCV/lib/macosx/libopencv_calib3d.a\"",
					"\"$(CINDER_PATH)/blocks/OpenCV/lib/macosx/libopencv_contrib.a\"",
					"\"$(CINDER_PATH)/blocks/OpenCV/lib/macosx/libopencv_core.a\"",
					"\"$(CINDER_PATH)/blocks/OpenCV/lib/macosx/libopencv_features2d.a\"",
					"\"$(CINDER_PATH)/blocks/OpenCV/lib/macosx/libopencv_flann.a\"",
					"\"$(CINDER_PATH)/blocks/OpenCV/lib/macosx/libopencv_gpu.a\"",
					"\"$(CINDER_PATH)/blocks/OpenCV/lib/macosx/libopencv_imgproc.a\"",
					"\"$(CINDER_PATH)/blocks/OpenCV/lib/macosx/libopencv_legacy.a\"",
					"\"$(CINDER_PATH)/blocks/OpenCV/lib/macosx/libopencv_ml.a\"",
					"\"$(CINDER_PATH)/blocks/OpenCV/lib/macosx/libopencv_nonfree.a\"",
					"\"$(CINDER_PATH)/blocks/OpenCV/lib/macosx/libopencv_objdetect.a\"",
					"\"$(CINDER_PATH)/blocks/OpenCV/lib/macosx/libopencv_ocl.a\"",
					"\"$(CINDER_PATH)/blocks/OpenCV/lib/macosx/libopencv_photo.a\"",
					"\"$(CINDER_PATH)/blocks/OpenCV/lib/macosx/libopencv_stitching.a\"",
					"\"$(CINDER_PATH)/blocks/OpenCV/lib/macosx/libopencv_superres.a\"",
					"\"$(CINDER_PATH)/blocks/OpenCV/lib/macosx/libopencv_ts.a\"",
					"\"$(CINDER_PATH)/blocks/OpenCV/lib/macosx/libopencv_video.a\"",
					"\"$(CINDER_PATH)/blocks/OpenCV/lib/macosx/libopencv_videostab.a\"",
				);
				PRODUCT_NAME = SpeedyEye;
				SYMROOT = ./build;
				WRAPPER_EXTENSION = app;
			};
			name = Debug;
		};
		C01FCF4C08A954540054247B /* Release */ = {
			isa = XCBuildConfiguration;
			buildSettings = {
				COMBINE_HIDPI_IMAGES = YES;
				DEAD_CODE_STRIPPING = YES;
				DEBUG_INFORMATION_FORMAT = "dwarf-with-dsym";
				GCC_FAST_MATH = YES;
				GCC_GENERATE_DEBUGGING_SYMBOLS = NO;
				GCC_INLINES_ARE_PRIVATE_EXTERN = YES;
				GCC_OPTIMIZATION_LEVEL = 3;
				GCC_PRECOMPILE_PREFIX_HEADER = YES;
				GCC_PREFIX_HEADER = SpeedyEye_Prefix.pch;
				GCC_PREPROCESSOR_DEFINITIONS = (
					"NDEBUG=1",
					"$(inherited)",
				);
				GCC_SYMBOLS_PRIVATE_EXTERN = NO;
				INFOPLIST_FILE = Info.plist;
				INSTALL_PATH = "$(HOME)/Applications";
				LIBRARY_SEARCH_PATHS = (
					"$(inherited)",
					/Users/micah/src/speedyeye/libusb/osx,
					/Users/micah/src/cinder_0.8.6_mac/blocks/OpenCV/lib/macosx,
				);
				OTHER_LDFLAGS = (
					"\"$(CINDER_PATH)/lib/libcinder.a\"",
					"\"$(CINDER_PATH)/blocks/OpenCV/lib/macosx/libopencv_calib3d.a\"",
					"\"$(CINDER_PATH)/blocks/OpenCV/lib/macosx/libopencv_contrib.a\"",
					"\"$(CINDER_PATH)/blocks/OpenCV/lib/macosx/libopencv_core.a\"",
					"\"$(CINDER_PATH)/blocks/OpenCV/lib/macosx/libopencv_features2d.a\"",
					"\"$(CINDER_PATH)/blocks/OpenCV/lib/macosx/libopencv_flann.a\"",
					"\"$(CINDER_PATH)/blocks/OpenCV/lib/macosx/libopencv_gpu.a\"",
					"\"$(CINDER_PATH)/blocks/OpenCV/lib/macosx/libopencv_imgproc.a\"",
					"\"$(CINDER_PATH)/blocks/OpenCV/lib/macosx/libopencv_legacy.a\"",
					"\"$(CINDER_PATH)/blocks/OpenCV/lib/macosx/libopencv_ml.a\"",
					"\"$(CINDER_PATH)/blocks/OpenCV/lib/macosx/libopencv_nonfree.a\"",
					"\"$(CINDER_PATH)/blocks/OpenCV/lib/macosx/libopencv_objdetect.a\"",
					"\"$(CINDER_PATH)/blocks/OpenCV/lib/macosx/libopencv_ocl.a\"",
					"\"$(CINDER_PATH)/blocks/OpenCV/lib/macosx/libopencv_photo.a\"",
					"\"$(CINDER_PATH)/blocks/OpenCV/lib/macosx/libopencv_stitching.a\"",
					"\"$(CINDER_PATH)/blocks/OpenCV/lib/macosx/libopencv_superres.a\"",
					"\"$(CINDER_PATH)/blocks/OpenCV/lib/macosx/libopencv_ts.a\"",
					"\"$(CINDER_PATH)/blocks/OpenCV/lib/macosx/libopencv_video.a\"",
					"\"$(CINDER_PATH)/blocks/OpenCV/lib/macosx/libopencv_videostab.a\"",
				);
				PRODUCT_NAME = SpeedyEye;
				STRIP_INSTALLED_PRODUCT = YES;
				SYMROOT = ./build;
				WRAPPER_EXTENSION = app;
			};
			name = Release;
		};
		C01FCF4F08A954540054247B /* Debug */ = {
			isa = XCBuildConfiguration;
			buildSettings = {
				ALWAYS_SEARCH_USER_PATHS = NO;
				ARCHS = "$(ARCHS_STANDARD_32_BIT)";
				CINDER_PATH = ../../cinder_0.8.6_mac;
				CLANG_CXX_LANGUAGE_STANDARD = "c++0x";
				CLANG_CXX_LIBRARY = "libc++";
				GCC_WARN_ABOUT_RETURN_TYPE = YES;
				GCC_WARN_UNUSED_VARIABLE = YES;
				HEADER_SEARCH_PATHS = "\"$(CINDER_PATH)/boost\"";
				MACOSX_DEPLOYMENT_TARGET = 10.7;
				ONLY_ACTIVE_ARCH = NO;
				SDKROOT = macosx;
				USER_HEADER_SEARCH_PATHS = "\"$(CINDER_PATH)/include\" ../include ../../cinder_0.8.6_mac/blocks/OpenCV/include ../../cinder_0.8.6_mac/blocks/OpenCV/include/opencv2";
				VALID_ARCHS = i386;
			};
			name = Debug;
		};
		C01FCF5008A954540054247B /* Release */ = {
			isa = XCBuildConfiguration;
			buildSettings = {
				ALWAYS_SEARCH_USER_PATHS = NO;
				ARCHS = "$(ARCHS_STANDARD_32_BIT)";
				CINDER_PATH = ../../cinder_0.8.6_mac;
				CLANG_CXX_LANGUAGE_STANDARD = "c++0x";
				CLANG_CXX_LIBRARY = "libc++";
				GCC_WARN_ABOUT_RETURN_TYPE = YES;
				GCC_WARN_UNUSED_VARIABLE = YES;
				HEADER_SEARCH_PATHS = "\"$(CINDER_PATH)/boost\"";
				MACOSX_DEPLOYMENT_TARGET = 10.7;
				SDKROOT = macosx;
				USER_HEADER_SEARCH_PATHS = "\"$(CINDER_PATH)/include\" ../include ../../cinder_0.8.6_mac/blocks/OpenCV/include ../../cinder_0.8.6_mac/blocks/OpenCV/include/opencv2";
				VALID_ARCHS = i386;
			};
			name = Release;
		};
/* End XCBuildConfiguration section */

/* Begin XCConfigurationList section */
		C01FCF4A08A954540054247B /* Build configuration list for PBXNativeTarget "SpeedyEye" */ = {
			isa = XCConfigurationList;
			buildConfigurations = (
				C01FCF4B08A954540054247B /* Debug */,
				C01FCF4C08A954540054247B /* Release */,
			);
			defaultConfigurationIsVisible = 0;
			defaultConfigurationName = Release;
		};
		C01FCF4E08A954540054247B /* Build configuration list for PBXProject "SpeedyEye" */ = {
			isa = XCConfigurationList;
			buildConfigurations = (
				C01FCF4F08A954540054247B /* Debug */,
				C01FCF5008A954540054247B /* Release */,
			);
			defaultConfigurationIsVisible = 0;
			defaultConfigurationName = Release;
		};
/* End XCConfigurationList section */
	};
	rootObject = 29B97313FDCFA39411CA2CEA /* Project object */;
}
